{
  "originHash" : "3f1de56e77895f7afb5f8728d21512a200d1389b54587e4494adefa7c9869041",
  "pins" : [
    {
      "identity" : "components-swift",
      "kind" : "remoteSourceControl",
      "location" : "https://github.com/joyfill/components-swift.git",
      "state" : {
        "branch" : "NO-2029",
        "revision" : "148ad556d527e55bbe567c8ca46e53daafd59d23"
      }
    }
  ],
  "version" : 3
}
