{
  "originHash" : "3f1de56e77895f7afb5f8728d21512a200d1389b54587e4494adefa7c9869041",
  "pins" : [
    {
      "identity" : "components-swift",
      "kind" : "remoteSourceControl",
      "location" : "https://github.com/joyfill/components-swift.git",
      "state" : {
        "revision" : "44d1baf8e74a0aa6ba21fd51f45c592eec408bad",
        "version" : "3.0.0-rc14"
      }
    }
  ],
  "version" : 3
}
